
Microsoft Visual Studio Solution File, Format Version 12.00
# Visual Studio Version 16
VisualStudioVersion = 16.0.28803.202
MinimumVisualStudioVersion = 10.0.40219.1
Project("{FAE04EC0-301F-11D3-BF4B-00C04F79EFBC}") = "Binet_Gold", "Binet_Gold\Binet_Gold.csproj", "{F91FB61F-7E7C-4285-B684-33EE2E014383}"
EndProject
Global
	GlobalSection(SolutionConfigurationPlatforms) = preSolution
		Debug|Any CPU = Debug|Any CPU
		Release|Any CPU = Release|Any CPU
	EndGlobalSection
	GlobalSection(ProjectConfigurationPlatforms) = postSolution
		{F91FB61F-7E7C-4285-B684-33EE2E014383}.Debug|Any CPU.ActiveCfg = Debug|Any CPU
		{F91FB61F-7E7C-4285-B684-33EE2E014383}.Debug|Any CPU.Build.0 = Debug|Any CPU
		{F91FB61F-7E7C-4285-B684-33EE2E014383}.Release|Any CPU.ActiveCfg = Release|Any CPU
		{F91FB61F-7E7C-4285-B684-33EE2E014383}.Release|Any CPU.Build.0 = Release|Any CPU
	EndGlobalSection
	GlobalSection(SolutionProperties) = preSolution
		HideSolutionNode = FALSE
	EndGlobalSection
	GlobalSection(ExtensibilityGlobals) = postSolution
		SolutionGuid = {A4E7EEF8-7AE0-4C1F-A225-45AB7ABA1467}
	EndGlobalSection
EndGlobal
